
Microsoft Visual Studio Solution File, Format Version 12.00
# Visual Studio 15
Project("{FAE04EC0-301F-11D3-BF4B-00C04F79EFBC}") = "IntroSQL", "IntroSQL\IntroSQL.csproj", "{C850BB16-3FE1-45A4-82A5-C39124CF060D}"
EndProject
Global
	GlobalSection(SolutionConfigurationPlatforms) = preSolution
		Debug|Any CPU = Debug|Any CPU
		Release|Any CPU = Release|Any CPU
	EndGlobalSection
	GlobalSection(ProjectConfigurationPlatforms) = postSolution
		{C850BB16-3FE1-45A4-82A5-C39124CF060D}.Debug|Any CPU.ActiveCfg = Debug|Any CPU
		{C850BB16-3FE1-45A4-82A5-C39124CF060D}.Debug|Any CPU.Build.0 = Debug|Any CPU
		{C850BB16-3FE1-45A4-82A5-C39124CF060D}.Release|Any CPU.ActiveCfg = Release|Any CPU
		{C850BB16-3FE1-45A4-82A5-C39124CF060D}.Release|Any CPU.Build.0 = Release|Any CPU
	EndGlobalSection
EndGlobal
